
Microsoft Visual Studio Solution File, Format Version 12.00
Project("{FAE04EC0-301F-11D3-BF4B-00C04F79EFBC}") = "ActorModel.Orleans.Server", "ActorModel.Orleans.Server\ActorModel.Orleans.Server.csproj", "{D83DD1E1-0D36-42D2-A88F-672F71A98498}"
EndProject
Project("{FAE04EC0-301F-11D3-BF4B-00C04F79EFBC}") = "ActorModel.Orleans.Domain", "ActorModel.Orleans.Domain\ActorModel.Orleans.Domain.csproj", "{BCB84032-511C-475A-A86F-9F2D255BA502}"
EndProject
Project("{FAE04EC0-301F-11D3-BF4B-00C04F79EFBC}") = "ActorModel.Orleans.Grains", "ActorModel.Orleans.Grains\ActorModel.Orleans.Grains.csproj", "{4CEB96FE-C4D5-4E20-BFAB-1B7A9F82CE82}"
EndProject
Project("{FAE04EC0-301F-11D3-BF4B-00C04F79EFBC}") = "ActorModel.Orleans.Api", "ActorModel.Orleans.Api\ActorModel.Orleans.Api.csproj", "{887E0044-0543-49F6-BE03-5DD5138FED5D}"
EndProject
Global
	GlobalSection(SolutionConfigurationPlatforms) = preSolution
		Debug|Any CPU = Debug|Any CPU
		Release|Any CPU = Release|Any CPU
	EndGlobalSection
	GlobalSection(ProjectConfigurationPlatforms) = postSolution
		{D83DD1E1-0D36-42D2-A88F-672F71A98498}.Debug|Any CPU.ActiveCfg = Debug|Any CPU
		{D83DD1E1-0D36-42D2-A88F-672F71A98498}.Debug|Any CPU.Build.0 = Debug|Any CPU
		{D83DD1E1-0D36-42D2-A88F-672F71A98498}.Release|Any CPU.ActiveCfg = Release|Any CPU
		{D83DD1E1-0D36-42D2-A88F-672F71A98498}.Release|Any CPU.Build.0 = Release|Any CPU
		{BCB84032-511C-475A-A86F-9F2D255BA502}.Debug|Any CPU.ActiveCfg = Debug|Any CPU
		{BCB84032-511C-475A-A86F-9F2D255BA502}.Debug|Any CPU.Build.0 = Debug|Any CPU
		{BCB84032-511C-475A-A86F-9F2D255BA502}.Release|Any CPU.ActiveCfg = Release|Any CPU
		{BCB84032-511C-475A-A86F-9F2D255BA502}.Release|Any CPU.Build.0 = Release|Any CPU
		{4CEB96FE-C4D5-4E20-BFAB-1B7A9F82CE82}.Debug|Any CPU.ActiveCfg = Debug|Any CPU
		{4CEB96FE-C4D5-4E20-BFAB-1B7A9F82CE82}.Debug|Any CPU.Build.0 = Debug|Any CPU
		{4CEB96FE-C4D5-4E20-BFAB-1B7A9F82CE82}.Release|Any CPU.ActiveCfg = Release|Any CPU
		{4CEB96FE-C4D5-4E20-BFAB-1B7A9F82CE82}.Release|Any CPU.Build.0 = Release|Any CPU
		{887E0044-0543-49F6-BE03-5DD5138FED5D}.Debug|Any CPU.ActiveCfg = Debug|Any CPU
		{887E0044-0543-49F6-BE03-5DD5138FED5D}.Debug|Any CPU.Build.0 = Debug|Any CPU
		{887E0044-0543-49F6-BE03-5DD5138FED5D}.Release|Any CPU.ActiveCfg = Release|Any CPU
		{887E0044-0543-49F6-BE03-5DD5138FED5D}.Release|Any CPU.Build.0 = Release|Any CPU
	EndGlobalSection
EndGlobal
